
Microsoft Visual Studio Solution File, Format Version 12.00
# Visual Studio Version 17
VisualStudioVersion = 17.6.33815.320
MinimumVisualStudioVersion = 10.0.40219.1
Project("{9A19103F-16F7-4668-BE54-9A1E7A4F7556}") = "AdmissionApps", "AdmissionApps.csproj", "{BF762DAF-1EE3-4FB6-BC3C-13D25D5EEA1C}"
EndProject
Global
	GlobalSection(SolutionConfigurationPlatforms) = preSolution
		Debug|Any CPU = Debug|Any CPU
		Release|Any CPU = Release|Any CPU
	EndGlobalSection
	GlobalSection(ProjectConfigurationPlatforms) = postSolution
		{BF762DAF-1EE3-4FB6-BC3C-13D25D5EEA1C}.Debug|Any CPU.ActiveCfg = Debug|Any CPU
		{BF762DAF-1EE3-4FB6-BC3C-13D25D5EEA1C}.Debug|Any CPU.Build.0 = Debug|Any CPU
		{BF762DAF-1EE3-4FB6-BC3C-13D25D5EEA1C}.Release|Any CPU.ActiveCfg = Release|Any CPU
		{BF762DAF-1EE3-4FB6-BC3C-13D25D5EEA1C}.Release|Any CPU.Build.0 = Release|Any CPU
	EndGlobalSection
	GlobalSection(SolutionProperties) = preSolution
		HideSolutionNode = FALSE
	EndGlobalSection
	GlobalSection(ExtensibilityGlobals) = postSolution
		SolutionGuid = {A4731045-E671-44A7-83FA-4603C208957D}
	EndGlobalSection
EndGlobal
