
Microsoft Visual Studio Solution File, Format Version 12.00
# Visual Studio Version 17
VisualStudioVersion = 17.6.33815.320
MinimumVisualStudioVersion = 10.0.40219.1
Project("{FAE04EC0-301F-11D3-BF4B-00C04F79EFBC}") = "HashMap", "HashMap.csproj", "{EB1C3E1C-1BCE-4B6D-90A0-743F4D701D1B}"
EndProject
Global
	GlobalSection(SolutionConfigurationPlatforms) = preSolution
		Debug|Any CPU = Debug|Any CPU
		Release|Any CPU = Release|Any CPU
	EndGlobalSection
	GlobalSection(ProjectConfigurationPlatforms) = postSolution
		{EB1C3E1C-1BCE-4B6D-90A0-743F4D701D1B}.Debug|Any CPU.ActiveCfg = Debug|Any CPU
		{EB1C3E1C-1BCE-4B6D-90A0-743F4D701D1B}.Debug|Any CPU.Build.0 = Debug|Any CPU
		{EB1C3E1C-1BCE-4B6D-90A0-743F4D701D1B}.Release|Any CPU.ActiveCfg = Release|Any CPU
		{EB1C3E1C-1BCE-4B6D-90A0-743F4D701D1B}.Release|Any CPU.Build.0 = Release|Any CPU
	EndGlobalSection
	GlobalSection(SolutionProperties) = preSolution
		HideSolutionNode = FALSE
	EndGlobalSection
	GlobalSection(ExtensibilityGlobals) = postSolution
		SolutionGuid = {F503C081-9E67-49F3-8EA5-EA8E3E2D90B6}
	EndGlobalSection
EndGlobal
