
Microsoft Visual Studio Solution File, Format Version 12.00
# Visual Studio Version 17
VisualStudioVersion = 17.6.33815.320
MinimumVisualStudioVersion = 10.0.40219.1
Project("{FAE04EC0-301F-11D3-BF4B-00C04F79EFBC}") = "ConsoleIO", "ConsoleIO.csproj", "{D1CA1F0C-AD16-4067-915F-383534BBA8AB}"
EndProject
Global
	GlobalSection(SolutionConfigurationPlatforms) = preSolution
		Debug|Any CPU = Debug|Any CPU
		Release|Any CPU = Release|Any CPU
	EndGlobalSection
	GlobalSection(ProjectConfigurationPlatforms) = postSolution
		{D1CA1F0C-AD16-4067-915F-383534BBA8AB}.Debug|Any CPU.ActiveCfg = Debug|Any CPU
		{D1CA1F0C-AD16-4067-915F-383534BBA8AB}.Debug|Any CPU.Build.0 = Debug|Any CPU
		{D1CA1F0C-AD16-4067-915F-383534BBA8AB}.Release|Any CPU.ActiveCfg = Release|Any CPU
		{D1CA1F0C-AD16-4067-915F-383534BBA8AB}.Release|Any CPU.Build.0 = Release|Any CPU
	EndGlobalSection
	GlobalSection(SolutionProperties) = preSolution
		HideSolutionNode = FALSE
	EndGlobalSection
	GlobalSection(ExtensibilityGlobals) = postSolution
		SolutionGuid = {0701CDDD-9C25-4DAF-B5B4-FC5F982B4D4C}
	EndGlobalSection
EndGlobal
