
Microsoft Visual Studio Solution File, Format Version 12.00
# Visual Studio Version 17
VisualStudioVersion = 17.6.33829.357
MinimumVisualStudioVersion = 10.0.40219.1
Project("{FAE04EC0-301F-11D3-BF4B-00C04F79EFBC}") = "WebApiDemo", "WebApiDemo.csproj", "{F916D30E-6FB9-4D44-A368-C86DF0A88D30}"
EndProject
Global
	GlobalSection(SolutionConfigurationPlatforms) = preSolution
		Debug|Any CPU = Debug|Any CPU
		Release|Any CPU = Release|Any CPU
	EndGlobalSection
	GlobalSection(ProjectConfigurationPlatforms) = postSolution
		{F916D30E-6FB9-4D44-A368-C86DF0A88D30}.Debug|Any CPU.ActiveCfg = Debug|Any CPU
		{F916D30E-6FB9-4D44-A368-C86DF0A88D30}.Debug|Any CPU.Build.0 = Debug|Any CPU
		{F916D30E-6FB9-4D44-A368-C86DF0A88D30}.Release|Any CPU.ActiveCfg = Release|Any CPU
		{F916D30E-6FB9-4D44-A368-C86DF0A88D30}.Release|Any CPU.Build.0 = Release|Any CPU
	EndGlobalSection
	GlobalSection(SolutionProperties) = preSolution
		HideSolutionNode = FALSE
	EndGlobalSection
	GlobalSection(ExtensibilityGlobals) = postSolution
		SolutionGuid = {58BA3E02-9D7B-47B0-B26F-ABC8A4A4234A}
	EndGlobalSection
EndGlobal
