
Microsoft Visual Studio Solution File, Format Version 12.00
# Visual Studio Version 17
VisualStudioVersion = 17.6.33815.320
MinimumVisualStudioVersion = 10.0.40219.1
Project("{FAE04EC0-301F-11D3-BF4B-00C04F79EFBC}") = "FirstApp", "FirstApp.csproj", "{8CE81420-BA05-4F2A-A9C8-A5A8C01B6784}"
EndProject
Global
	GlobalSection(SolutionConfigurationPlatforms) = preSolution
		Debug|Any CPU = Debug|Any CPU
		Release|Any CPU = Release|Any CPU
	EndGlobalSection
	GlobalSection(ProjectConfigurationPlatforms) = postSolution
		{8CE81420-BA05-4F2A-A9C8-A5A8C01B6784}.Debug|Any CPU.ActiveCfg = Debug|Any CPU
		{8CE81420-BA05-4F2A-A9C8-A5A8C01B6784}.Debug|Any CPU.Build.0 = Debug|Any CPU
		{8CE81420-BA05-4F2A-A9C8-A5A8C01B6784}.Release|Any CPU.ActiveCfg = Release|Any CPU
		{8CE81420-BA05-4F2A-A9C8-A5A8C01B6784}.Release|Any CPU.Build.0 = Release|Any CPU
	EndGlobalSection
	GlobalSection(SolutionProperties) = preSolution
		HideSolutionNode = FALSE
	EndGlobalSection
	GlobalSection(ExtensibilityGlobals) = postSolution
		SolutionGuid = {C27DF8E0-86D7-4C45-96B1-E76DBD1D0090}
	EndGlobalSection
EndGlobal
