
Microsoft Visual Studio Solution File, Format Version 12.00
# Visual Studio Version 17
VisualStudioVersion = 17.6.33815.320
MinimumVisualStudioVersion = 10.0.40219.1
Project("{FAE04EC0-301F-11D3-BF4B-00C04F79EFBC}") = "MyFirstApplication", "MyFirstApplication.csproj", "{08D15890-AC24-475E-B43D-AD5907C876FA}"
EndProject
Global
	GlobalSection(SolutionConfigurationPlatforms) = preSolution
		Debug|Any CPU = Debug|Any CPU
		Release|Any CPU = Release|Any CPU
	EndGlobalSection
	GlobalSection(ProjectConfigurationPlatforms) = postSolution
		{08D15890-AC24-475E-B43D-AD5907C876FA}.Debug|Any CPU.ActiveCfg = Debug|Any CPU
		{08D15890-AC24-475E-B43D-AD5907C876FA}.Debug|Any CPU.Build.0 = Debug|Any CPU
		{08D15890-AC24-475E-B43D-AD5907C876FA}.Release|Any CPU.ActiveCfg = Release|Any CPU
		{08D15890-AC24-475E-B43D-AD5907C876FA}.Release|Any CPU.Build.0 = Release|Any CPU
	EndGlobalSection
	GlobalSection(SolutionProperties) = preSolution
		HideSolutionNode = FALSE
	EndGlobalSection
	GlobalSection(ExtensibilityGlobals) = postSolution
		SolutionGuid = {FA9C8704-024D-40E7-82E8-0078DA934A48}
	EndGlobalSection
EndGlobal
